{
  "name": "htmx",
  "lockfileVersion": 2,
  "requires": true,
  "packages": {
    "": {
      "dependencies": {
        "htmx.org": "^1.5.0"
      }
    },
    "node_modules/htmx.org": {
      "version": "1.5.0",
      "resolved": "https://registry.npmjs.org/htmx.org/-/htmx.org-1.5.0.tgz",
      "integrity": "sha512-XMDgFU9jwZx/akLXiBlD6B4HG1hqpMFg1/JxYugQ1idR1sDQDcpyNvX4oYag94067EyjNfTXttpRsbfNOwt4EQ=="
    }
  },
  "dependencies": {
    "htmx.org": {
      "version": "1.5.0",
      "resolved": "https://registry.npmjs.org/htmx.org/-/htmx.org-1.5.0.tgz",
      "integrity": "sha512-XMDgFU9jwZx/akLXiBlD6B4HG1hqpMFg1/JxYugQ1idR1sDQDcpyNvX4oYag94067EyjNfTXttpRsbfNOwt4EQ=="
    }
  }
}
